
Microsoft Visual Studio Solution File, Format Version 12.00
# Visual Studio Version 17
VisualStudioVersion = 17.5.002.0
MinimumVisualStudioVersion = 10.0.40219.1
Project("{9A19103F-16F7-4668-BE54-9A1E7A4F7556}") = "KerbalSimpitRefactored.Common", "KerbalSimpitRefactored.Common\KerbalSimpitRefactored.Common.csproj", "{7E7FF247-A938-4EE4-BC06-30E09407057B}"
EndProject
Project("{9A19103F-16F7-4668-BE54-9A1E7A4F7556}") = "KerbalSimpitRefactored.KSP1", "KerbalSimpitRefactored.KSP1\KerbalSimpitRefactored.KSP1.csproj", "{A7490725-6487-455A-9987-8B485828758A}"
EndProject
Global
	GlobalSection(SolutionConfigurationPlatforms) = preSolution
		Debug|Any CPU = Debug|Any CPU
		Release|Any CPU = Release|Any CPU
	EndGlobalSection
	GlobalSection(ProjectConfigurationPlatforms) = postSolution
		{7E7FF247-A938-4EE4-BC06-30E09407057B}.Debug|Any CPU.ActiveCfg = Debug|Any CPU
		{7E7FF247-A938-4EE4-BC06-30E09407057B}.Debug|Any CPU.Build.0 = Debug|Any CPU
		{7E7FF247-A938-4EE4-BC06-30E09407057B}.Release|Any CPU.ActiveCfg = Release|Any CPU
		{7E7FF247-A938-4EE4-BC06-30E09407057B}.Release|Any CPU.Build.0 = Release|Any CPU
		{A7490725-6487-455A-9987-8B485828758A}.Debug|Any CPU.ActiveCfg = Debug|Any CPU
		{A7490725-6487-455A-9987-8B485828758A}.Debug|Any CPU.Build.0 = Debug|Any CPU
		{A7490725-6487-455A-9987-8B485828758A}.Release|Any CPU.ActiveCfg = Release|Any CPU
		{A7490725-6487-455A-9987-8B485828758A}.Release|Any CPU.Build.0 = Release|Any CPU
	EndGlobalSection
	GlobalSection(SolutionProperties) = preSolution
		HideSolutionNode = FALSE
	EndGlobalSection
	GlobalSection(ExtensibilityGlobals) = postSolution
		SolutionGuid = {2DB7412C-FD2B-45FA-8E4E-EA804FA416FC}
	EndGlobalSection
EndGlobal
